
Microsoft Visual Studio Solution File, Format Version 12.00
# Visual Studio Version 17
VisualStudioVersion = 17.4.33213.308
MinimumVisualStudioVersion = 10.0.40219.1
Project("{FAE04EC0-301F-11D3-BF4B-00C04F79EFBC}") = "LogTracker", "LogTracker\LogTracker.csproj", "{3EF21AF2-3309-43B2-B1B8-C42AB081BECD}"
EndProject
Global
	GlobalSection(SolutionConfigurationPlatforms) = preSolution
		Debug|Any CPU = Debug|Any CPU
		Release|Any CPU = Release|Any CPU
	EndGlobalSection
	GlobalSection(ProjectConfigurationPlatforms) = postSolution
		{3EF21AF2-3309-43B2-B1B8-C42AB081BECD}.Debug|Any CPU.ActiveCfg = Debug|Any CPU
		{3EF21AF2-3309-43B2-B1B8-C42AB081BECD}.Debug|Any CPU.Build.0 = Debug|Any CPU
		{3EF21AF2-3309-43B2-B1B8-C42AB081BECD}.Release|Any CPU.ActiveCfg = Release|Any CPU
		{3EF21AF2-3309-43B2-B1B8-C42AB081BECD}.Release|Any CPU.Build.0 = Release|Any CPU
	EndGlobalSection
	GlobalSection(SolutionProperties) = preSolution
		HideSolutionNode = FALSE
	EndGlobalSection
	GlobalSection(ExtensibilityGlobals) = postSolution
		SolutionGuid = {056BA0CC-0F80-494D-868F-8AD25EB97C97}
	EndGlobalSection
EndGlobal
